<Solution>
  <Folder Name="/NievoEasyfin.Application/">
    <Project Path="NievoEasyfin.Application/application.csproj" />
  </Folder>
  <Folder Name="/NievoEasyfin.Auth/">
    <Project Path="NievoEasyfin.Auth/auth.csproj" />
  </Folder>
  <Folder Name="/NievoEasyfin.Core/">
    <Project Path="NievoEasyfin.Core/core.csproj" />
  </Folder>
  <Folder Name="/NievoEasyfin.Test/">
    <Project Path="NievoEasyfin.Tests/test.csproj" />
  </Folder>
</Solution>